
Microsoft Visual Studio Solution File, Format Version 12.00
# Visual Studio Version 17
VisualStudioVersion = 17.7.34031.279
MinimumVisualStudioVersion = 10.0.40219.1
Project("{2150E333-8FDC-42A3-9474-1A3956D46DE8}") = "ChainOfResponsibiltyDesignPattern", "ChainOfResponsibiltyDesignPattern", "{D21E8CC2-7DAB-460B-9692-B9BFA7355FDC}"
EndProject
Project("{9A19103F-16F7-4668-BE54-9A1E7A4F7556}") = "DesignPattern.ChainOfResponsibilty", "DesignPattern.ChainOfResponsibilty\DesignPattern.ChainOfResponsibilty.csproj", "{53D0438E-D377-4874-9F7F-C8CA2EF6FFB8}"
EndProject
Project("{2150E333-8FDC-42A3-9474-1A3956D46DE8}") = "CQRSDesignPattern", "CQRSDesignPattern", "{1D65772C-584A-4472-9C5A-D37F0D70D168}"
EndProject
Project("{9A19103F-16F7-4668-BE54-9A1E7A4F7556}") = "DesignPattern.CQRS", "DesignPattern.CQRS\DesignPattern.CQRS.csproj", "{3A7EFFA9-F10D-433F-8376-05A090F3AB2C}"
EndProject
Project("{2150E333-8FDC-42A3-9474-1A3956D46DE8}") = "TemplateMethodDesignPattern", "TemplateMethodDesignPattern", "{566A9CE5-0543-44B2-8829-5325035E699C}"
EndProject
Project("{9A19103F-16F7-4668-BE54-9A1E7A4F7556}") = "DesignPattern.TemplateMethod", "DesignPattern.TemplateMethod\DesignPattern.TemplateMethod.csproj", "{96D01281-F943-4BA0-8801-F2499A7170BC}"
EndProject
Project("{2150E333-8FDC-42A3-9474-1A3956D46DE8}") = "ObserverDesignPattern", "ObserverDesignPattern", "{432FA881-E143-4749-BE87-CCB20904BA95}"
EndProject
Project("{9A19103F-16F7-4668-BE54-9A1E7A4F7556}") = "DesignPattern.Observer", "DesignPattern.Observer\DesignPattern.Observer.csproj", "{A00681D4-4B69-4E51-B174-72677D7C5E9E}"
EndProject
Project("{2150E333-8FDC-42A3-9474-1A3956D46DE8}") = "UnitOfWorkDesignPattern", "UnitOfWorkDesignPattern", "{3131D578-EA57-4107-9C2D-CAA9DC8EA362}"
EndProject
Project("{9A19103F-16F7-4668-BE54-9A1E7A4F7556}") = "DesignPattern.UnitOfWork", "DesignPattern.UnitOfWork\DesignPattern.UnitOfWork.csproj", "{68CEE6DD-77B8-4089-ABC9-F5D5EDCA0CDA}"
EndProject
Project("{9A19103F-16F7-4668-BE54-9A1E7A4F7556}") = "DesignPattern.BusinessLayer", "DesignPattern.BusinessLayer\DesignPattern.BusinessLayer.csproj", "{9FC734F4-1ACF-4E4E-A8DD-E25F0C7D8549}"
EndProject
Project("{9A19103F-16F7-4668-BE54-9A1E7A4F7556}") = "DesignPattern.DataAccessLayer", "DesignPattern.DataAccessLayer\DesignPattern.DataAccessLayer.csproj", "{B2B2E112-B577-4D6B-B93C-99D55FA20C8B}"
EndProject
Project("{9A19103F-16F7-4668-BE54-9A1E7A4F7556}") = "DesignPattern.EntityLayer", "DesignPattern.EntityLayer\DesignPattern.EntityLayer.csproj", "{631ACA35-43BE-47D3-BF1A-BC891B54C006}"
EndProject
Project("{2150E333-8FDC-42A3-9474-1A3956D46DE8}") = "RepositoryDesignPattern", "RepositoryDesignPattern", "{6E81ABAF-D885-4ADE-8B82-4297FBBE9500}"
EndProject
Project("{9A19103F-16F7-4668-BE54-9A1E7A4F7556}") = "DesignPattern.Repository", "DesignPattern.Repository\DesignPattern.Repository.csproj", "{C212D87C-F368-474C-86BA-945930D5E406}"
EndProject
Project("{9A19103F-16F7-4668-BE54-9A1E7A4F7556}") = "RepositoryDesignPattern.EntityLayer", "RepositoryDesignPattern.EntityLayer\RepositoryDesignPattern.EntityLayer.csproj", "{25A470B3-19AC-4676-BE17-D8EB1121861F}"
EndProject
Project("{9A19103F-16F7-4668-BE54-9A1E7A4F7556}") = "RepositoryDesignPattern.DataAcsessLayer", "RepositoryDesignPattern.DataAcsessLayer\RepositoryDesignPattern.DataAcsessLayer.csproj", "{6AFD0A52-BB67-4A5F-94D3-1F6617474BCF}"
EndProject
Project("{9A19103F-16F7-4668-BE54-9A1E7A4F7556}") = "RepositoryDesignPattern.BusinessLayer", "RepositoryDesignPattern.BusinessLayer\RepositoryDesignPattern.BusinessLayer.csproj", "{D7EFCEF0-AE5C-4507-877C-5F86A50B19BC}"
EndProject
Project("{2150E333-8FDC-42A3-9474-1A3956D46DE8}") = "CompositeDesignPattern", "CompositeDesignPattern", "{E58F9F4B-95B4-4D41-BA2D-462351C60D37}"
EndProject
Project("{9A19103F-16F7-4668-BE54-9A1E7A4F7556}") = "DesignPattern.Composite", "DesignPattern.Composite\DesignPattern.Composite.csproj", "{A5BC607E-47AE-45F9-9549-8BCDAB830599}"
EndProject
Project("{2150E333-8FDC-42A3-9474-1A3956D46DE8}") = "IteratorDesigmPattern", "IteratorDesigmPattern", "{62E38860-7359-474E-B5D1-E2213E0C4C8F}"
EndProject
Project("{9A19103F-16F7-4668-BE54-9A1E7A4F7556}") = "DesigmPattern.IteratorDesigmPattern", "DesigmPattern.IteratorDesigmPattern\DesigmPattern.IteratorDesigmPattern.csproj", "{71FEA50E-18BA-40F7-84D0-BEAE8BCBA9FB}"
EndProject
Project("{2150E333-8FDC-42A3-9474-1A3956D46DE8}") = "MediatorDesignPattern", "MediatorDesignPattern", "{4F9D10EB-D8EE-4669-B35F-6EADD66A4595}"
EndProject
Project("{9A19103F-16F7-4668-BE54-9A1E7A4F7556}") = "DesignPattern.Mediator", "DesignPattern.Mediator\DesignPattern.Mediator.csproj", "{823CE24D-FD0B-481D-BF25-1E872C09BB69}"
EndProject
Project("{2150E333-8FDC-42A3-9474-1A3956D46DE8}") = "FaceDesignPattern", "FaceDesignPattern", "{CA9614D8-EE8D-4280-9532-1842EB76256E}"
EndProject
Project("{FAE04EC0-301F-11D3-BF4B-00C04F79EFBC}") = "DesignPattern.Face", "DesignPattern.Face\DesignPattern.Face.csproj", "{333F8736-E101-45EB-BA50-17A8E1E51969}"
EndProject
Global
	GlobalSection(SolutionConfigurationPlatforms) = preSolution
		Debug|Any CPU = Debug|Any CPU
		Release|Any CPU = Release|Any CPU
	EndGlobalSection
	GlobalSection(ProjectConfigurationPlatforms) = postSolution
		{53D0438E-D377-4874-9F7F-C8CA2EF6FFB8}.Debug|Any CPU.ActiveCfg = Debug|Any CPU
		{53D0438E-D377-4874-9F7F-C8CA2EF6FFB8}.Debug|Any CPU.Build.0 = Debug|Any CPU
		{53D0438E-D377-4874-9F7F-C8CA2EF6FFB8}.Release|Any CPU.ActiveCfg = Release|Any CPU
		{53D0438E-D377-4874-9F7F-C8CA2EF6FFB8}.Release|Any CPU.Build.0 = Release|Any CPU
		{3A7EFFA9-F10D-433F-8376-05A090F3AB2C}.Debug|Any CPU.ActiveCfg = Debug|Any CPU
		{3A7EFFA9-F10D-433F-8376-05A090F3AB2C}.Debug|Any CPU.Build.0 = Debug|Any CPU
		{3A7EFFA9-F10D-433F-8376-05A090F3AB2C}.Release|Any CPU.ActiveCfg = Release|Any CPU
		{3A7EFFA9-F10D-433F-8376-05A090F3AB2C}.Release|Any CPU.Build.0 = Release|Any CPU
		{96D01281-F943-4BA0-8801-F2499A7170BC}.Debug|Any CPU.ActiveCfg = Debug|Any CPU
		{96D01281-F943-4BA0-8801-F2499A7170BC}.Debug|Any CPU.Build.0 = Debug|Any CPU
		{96D01281-F943-4BA0-8801-F2499A7170BC}.Release|Any CPU.ActiveCfg = Release|Any CPU
		{96D01281-F943-4BA0-8801-F2499A7170BC}.Release|Any CPU.Build.0 = Release|Any CPU
		{A00681D4-4B69-4E51-B174-72677D7C5E9E}.Debug|Any CPU.ActiveCfg = Debug|Any CPU
		{A00681D4-4B69-4E51-B174-72677D7C5E9E}.Debug|Any CPU.Build.0 = Debug|Any CPU
		{A00681D4-4B69-4E51-B174-72677D7C5E9E}.Release|Any CPU.ActiveCfg = Release|Any CPU
		{A00681D4-4B69-4E51-B174-72677D7C5E9E}.Release|Any CPU.Build.0 = Release|Any CPU
		{68CEE6DD-77B8-4089-ABC9-F5D5EDCA0CDA}.Debug|Any CPU.ActiveCfg = Debug|Any CPU
		{68CEE6DD-77B8-4089-ABC9-F5D5EDCA0CDA}.Debug|Any CPU.Build.0 = Debug|Any CPU
		{68CEE6DD-77B8-4089-ABC9-F5D5EDCA0CDA}.Release|Any CPU.ActiveCfg = Release|Any CPU
		{68CEE6DD-77B8-4089-ABC9-F5D5EDCA0CDA}.Release|Any CPU.Build.0 = Release|Any CPU
		{9FC734F4-1ACF-4E4E-A8DD-E25F0C7D8549}.Debug|Any CPU.ActiveCfg = Debug|Any CPU
		{9FC734F4-1ACF-4E4E-A8DD-E25F0C7D8549}.Debug|Any CPU.Build.0 = Debug|Any CPU
		{9FC734F4-1ACF-4E4E-A8DD-E25F0C7D8549}.Release|Any CPU.ActiveCfg = Release|Any CPU
		{9FC734F4-1ACF-4E4E-A8DD-E25F0C7D8549}.Release|Any CPU.Build.0 = Release|Any CPU
		{B2B2E112-B577-4D6B-B93C-99D55FA20C8B}.Debug|Any CPU.ActiveCfg = Debug|Any CPU
		{B2B2E112-B577-4D6B-B93C-99D55FA20C8B}.Debug|Any CPU.Build.0 = Debug|Any CPU
		{B2B2E112-B577-4D6B-B93C-99D55FA20C8B}.Release|Any CPU.ActiveCfg = Release|Any CPU
		{B2B2E112-B577-4D6B-B93C-99D55FA20C8B}.Release|Any CPU.Build.0 = Release|Any CPU
		{631ACA35-43BE-47D3-BF1A-BC891B54C006}.Debug|Any CPU.ActiveCfg = Debug|Any CPU
		{631ACA35-43BE-47D3-BF1A-BC891B54C006}.Debug|Any CPU.Build.0 = Debug|Any CPU
		{631ACA35-43BE-47D3-BF1A-BC891B54C006}.Release|Any CPU.ActiveCfg = Release|Any CPU
		{631ACA35-43BE-47D3-BF1A-BC891B54C006}.Release|Any CPU.Build.0 = Release|Any CPU
		{C212D87C-F368-474C-86BA-945930D5E406}.Debug|Any CPU.ActiveCfg = Debug|Any CPU
		{C212D87C-F368-474C-86BA-945930D5E406}.Debug|Any CPU.Build.0 = Debug|Any CPU
		{C212D87C-F368-474C-86BA-945930D5E406}.Release|Any CPU.ActiveCfg = Release|Any CPU
		{C212D87C-F368-474C-86BA-945930D5E406}.Release|Any CPU.Build.0 = Release|Any CPU
		{25A470B3-19AC-4676-BE17-D8EB1121861F}.Debug|Any CPU.ActiveCfg = Debug|Any CPU
		{25A470B3-19AC-4676-BE17-D8EB1121861F}.Debug|Any CPU.Build.0 = Debug|Any CPU
		{25A470B3-19AC-4676-BE17-D8EB1121861F}.Release|Any CPU.ActiveCfg = Release|Any CPU
		{25A470B3-19AC-4676-BE17-D8EB1121861F}.Release|Any CPU.Build.0 = Release|Any CPU
		{6AFD0A52-BB67-4A5F-94D3-1F6617474BCF}.Debug|Any CPU.ActiveCfg = Debug|Any CPU
		{6AFD0A52-BB67-4A5F-94D3-1F6617474BCF}.Debug|Any CPU.Build.0 = Debug|Any CPU
		{6AFD0A52-BB67-4A5F-94D3-1F6617474BCF}.Release|Any CPU.ActiveCfg = Release|Any CPU
		{6AFD0A52-BB67-4A5F-94D3-1F6617474BCF}.Release|Any CPU.Build.0 = Release|Any CPU
		{D7EFCEF0-AE5C-4507-877C-5F86A50B19BC}.Debug|Any CPU.ActiveCfg = Debug|Any CPU
		{D7EFCEF0-AE5C-4507-877C-5F86A50B19BC}.Debug|Any CPU.Build.0 = Debug|Any CPU
		{D7EFCEF0-AE5C-4507-877C-5F86A50B19BC}.Release|Any CPU.ActiveCfg = Release|Any CPU
		{D7EFCEF0-AE5C-4507-877C-5F86A50B19BC}.Release|Any CPU.Build.0 = Release|Any CPU
		{A5BC607E-47AE-45F9-9549-8BCDAB830599}.Debug|Any CPU.ActiveCfg = Debug|Any CPU
		{A5BC607E-47AE-45F9-9549-8BCDAB830599}.Debug|Any CPU.Build.0 = Debug|Any CPU
		{A5BC607E-47AE-45F9-9549-8BCDAB830599}.Release|Any CPU.ActiveCfg = Release|Any CPU
		{A5BC607E-47AE-45F9-9549-8BCDAB830599}.Release|Any CPU.Build.0 = Release|Any CPU
		{71FEA50E-18BA-40F7-84D0-BEAE8BCBA9FB}.Debug|Any CPU.ActiveCfg = Debug|Any CPU
		{71FEA50E-18BA-40F7-84D0-BEAE8BCBA9FB}.Debug|Any CPU.Build.0 = Debug|Any CPU
		{71FEA50E-18BA-40F7-84D0-BEAE8BCBA9FB}.Release|Any CPU.ActiveCfg = Release|Any CPU
		{71FEA50E-18BA-40F7-84D0-BEAE8BCBA9FB}.Release|Any CPU.Build.0 = Release|Any CPU
		{823CE24D-FD0B-481D-BF25-1E872C09BB69}.Debug|Any CPU.ActiveCfg = Debug|Any CPU
		{823CE24D-FD0B-481D-BF25-1E872C09BB69}.Debug|Any CPU.Build.0 = Debug|Any CPU
		{823CE24D-FD0B-481D-BF25-1E872C09BB69}.Release|Any CPU.ActiveCfg = Release|Any CPU
		{823CE24D-FD0B-481D-BF25-1E872C09BB69}.Release|Any CPU.Build.0 = Release|Any CPU
		{333F8736-E101-45EB-BA50-17A8E1E51969}.Debug|Any CPU.ActiveCfg = Debug|Any CPU
		{333F8736-E101-45EB-BA50-17A8E1E51969}.Debug|Any CPU.Build.0 = Debug|Any CPU
		{333F8736-E101-45EB-BA50-17A8E1E51969}.Release|Any CPU.ActiveCfg = Release|Any CPU
		{333F8736-E101-45EB-BA50-17A8E1E51969}.Release|Any CPU.Build.0 = Release|Any CPU
	EndGlobalSection
	GlobalSection(SolutionProperties) = preSolution
		HideSolutionNode = FALSE
	EndGlobalSection
	GlobalSection(NestedProjects) = preSolution
		{53D0438E-D377-4874-9F7F-C8CA2EF6FFB8} = {D21E8CC2-7DAB-460B-9692-B9BFA7355FDC}
		{3A7EFFA9-F10D-433F-8376-05A090F3AB2C} = {1D65772C-584A-4472-9C5A-D37F0D70D168}
		{96D01281-F943-4BA0-8801-F2499A7170BC} = {566A9CE5-0543-44B2-8829-5325035E699C}
		{A00681D4-4B69-4E51-B174-72677D7C5E9E} = {432FA881-E143-4749-BE87-CCB20904BA95}
		{68CEE6DD-77B8-4089-ABC9-F5D5EDCA0CDA} = {3131D578-EA57-4107-9C2D-CAA9DC8EA362}
		{9FC734F4-1ACF-4E4E-A8DD-E25F0C7D8549} = {3131D578-EA57-4107-9C2D-CAA9DC8EA362}
		{B2B2E112-B577-4D6B-B93C-99D55FA20C8B} = {3131D578-EA57-4107-9C2D-CAA9DC8EA362}
		{631ACA35-43BE-47D3-BF1A-BC891B54C006} = {3131D578-EA57-4107-9C2D-CAA9DC8EA362}
		{C212D87C-F368-474C-86BA-945930D5E406} = {6E81ABAF-D885-4ADE-8B82-4297FBBE9500}
		{25A470B3-19AC-4676-BE17-D8EB1121861F} = {6E81ABAF-D885-4ADE-8B82-4297FBBE9500}
		{6AFD0A52-BB67-4A5F-94D3-1F6617474BCF} = {6E81ABAF-D885-4ADE-8B82-4297FBBE9500}
		{D7EFCEF0-AE5C-4507-877C-5F86A50B19BC} = {6E81ABAF-D885-4ADE-8B82-4297FBBE9500}
		{A5BC607E-47AE-45F9-9549-8BCDAB830599} = {E58F9F4B-95B4-4D41-BA2D-462351C60D37}
		{71FEA50E-18BA-40F7-84D0-BEAE8BCBA9FB} = {62E38860-7359-474E-B5D1-E2213E0C4C8F}
		{823CE24D-FD0B-481D-BF25-1E872C09BB69} = {4F9D10EB-D8EE-4669-B35F-6EADD66A4595}
		{333F8736-E101-45EB-BA50-17A8E1E51969} = {CA9614D8-EE8D-4280-9532-1842EB76256E}
	EndGlobalSection
	GlobalSection(ExtensibilityGlobals) = postSolution
		SolutionGuid = {4237677F-7DEB-4A70-A7C0-0C3C2FD58707}
	EndGlobalSection
EndGlobal
