
Microsoft Visual Studio Solution File, Format Version 12.00
# Visual Studio Version 16
VisualStudioVersion = 16.0.33214.272
MinimumVisualStudioVersion = 10.0.40219.1
Project("{2150E333-8FDC-42A3-9474-1A3956D46DE8}") = "ChainOfResponsibiltyDesignPattern", "ChainOfResponsibiltyDesignPattern", "{D21E8CC2-7DAB-460B-9692-B9BFA7355FDC}"
EndProject
Project("{FAE04EC0-301F-11D3-BF4B-00C04F79EFBC}") = "DesignPattern.ChainOfResponsibilty", "DesignPattern.ChainOfResponsibilty\DesignPattern.ChainOfResponsibilty.csproj", "{53D0438E-D377-4874-9F7F-C8CA2EF6FFB8}"
EndProject
Global
	GlobalSection(SolutionConfigurationPlatforms) = preSolution
		Debug|Any CPU = Debug|Any CPU
		Release|Any CPU = Release|Any CPU
	EndGlobalSection
	GlobalSection(ProjectConfigurationPlatforms) = postSolution
		{53D0438E-D377-4874-9F7F-C8CA2EF6FFB8}.Debug|Any CPU.ActiveCfg = Debug|Any CPU
		{53D0438E-D377-4874-9F7F-C8CA2EF6FFB8}.Debug|Any CPU.Build.0 = Debug|Any CPU
		{53D0438E-D377-4874-9F7F-C8CA2EF6FFB8}.Release|Any CPU.ActiveCfg = Release|Any CPU
		{53D0438E-D377-4874-9F7F-C8CA2EF6FFB8}.Release|Any CPU.Build.0 = Release|Any CPU
	EndGlobalSection
	GlobalSection(SolutionProperties) = preSolution
		HideSolutionNode = FALSE
	EndGlobalSection
	GlobalSection(NestedProjects) = preSolution
		{53D0438E-D377-4874-9F7F-C8CA2EF6FFB8} = {D21E8CC2-7DAB-460B-9692-B9BFA7355FDC}
	EndGlobalSection
	GlobalSection(ExtensibilityGlobals) = postSolution
		SolutionGuid = {4237677F-7DEB-4A70-A7C0-0C3C2FD58707}
	EndGlobalSection
EndGlobal
